lockfileVersion: '6.0'

settings:
  autoInstallPeers: true
  excludeLinksFromLockfile: false

dependencies:
  '@types/node':
    specifier: ^18.15.11
    version: 18.15.11
  '@types/picomatch':
    specifier: ^2.3.0
    version: 2.3.0
  js-levenshtein:
    specifier: ^1.1.6
    version: 1.1.6
  linked-list:
    specifier: ^3.1.0
    version: 3.1.0
  node@latest:
    specifier: link:vscode-languageserver/node@latest
    version: link:vscode-languageserver/node@latest
  picomatch:
    specifier: ^2.3.1
    version: 2.3.1
  threads:
    specifier: ^1.7.0
    version: 1.7.0
  tick-ts-utils:
    specifier: ^4.2.2
    version: 4.2.2(typedoc@0.23.28)
  vscode-languageserver:
    specifier: ^8.1.0
    version: 8.1.0
  vscode-languageserver-textdocument:
    specifier: ^1.0.8
    version: 1.0.8
  vscode-uri:
    specifier: ^3.0.7
    version: 3.0.7
  yaml:
    specifier: ^2.2.1
    version: 2.2.1

devDependencies:
  '@types/js-levenshtein':
    specifier: ^1.1.1
    version: 1.1.1

packages:

  /@mxssfd/typedoc-theme@1.0.6(typedoc@0.23.28):
    resolution: {integrity: sha512-GmaVRWWCaL9jIr58uKyXuBS+yn5L4e5BznclGCB+VlDSGHfZEc8GZdVc4ApKFUC3UEtZkS3fWy9S5aJMQttUyQ==}
    engines: {node: '>= 14'}
    peerDependencies:
      typedoc: ^0.23.21
    dependencies:
      typedoc: 0.23.28(typescript@5.0.4)
    dev: false

  /@types/hast@2.3.4:
    resolution: {integrity: sha512-wLEm0QvaoawEDoTRwzTXp4b4jpwiJDvR5KMnFnVodm3scufTlBOWRD6N1OBf9TZMhjlNsSfcO5V+7AF4+Vy+9g==}
    dependencies:
      '@types/unist': 2.0.6
    dev: false

  /@types/js-levenshtein@1.1.1:
    resolution: {integrity: sha512-qC4bCqYGy1y/NP7dDVr7KJarn+PbX1nSpwA7JXdu0HxT3QYjO8MJ+cntENtHFVy2dRAyBV23OZ6MxsW1AM1L8g==}
    dev: true

  /@types/node@18.15.11:
    resolution: {integrity: sha512-E5Kwq2n4SbMzQOn6wnmBjuK9ouqlURrcZDVfbo9ftDDTFt3nk7ZKK4GMOzoYgnpQJKcxwQw+lGaBvvlMo0qN/Q==}
    dev: false

  /@types/picomatch@2.3.0:
    resolution: {integrity: sha512-O397rnSS9iQI4OirieAtsDqvCj4+3eY1J+EPdNTKuHuRWIfUoGyzX294o8C4KJYaLqgSrd2o60c5EqCU8Zv02g==}
    dev: false

  /@types/unist@2.0.6:
    resolution: {integrity: sha512-PBjIUxZHOuj0R15/xuwJYjFi+KZdNFrehocChv4g5hu6aFroHue8m0lBP0POdK2nKzbw0cgV1mws8+V/JAcEkQ==}
    dev: false

  /align-text@0.1.4:
    resolution: {integrity: sha512-GrTZLRpmp6wIC2ztrWW9MjjTgSKccffgFagbNDOX95/dcjEcYZibYTeaOntySQLcdw1ztBoFkviiUvTMbb9MYg==}
    engines: {node: '>=0.10.0'}
    dependencies:
      kind-of: 3.2.2
      longest: 1.0.1
      repeat-string: 1.6.1
    dev: false

  /ansi-sequence-parser@1.1.0:
    resolution: {integrity: sha512-lEm8mt52to2fT8GhciPCGeCXACSz2UwIN4X2e2LJSnZ5uAbn2/dsYdOmUXq0AtWS5cpAupysIneExOgH0Vd2TQ==}
    dev: false

  /any@1.0.0:
    resolution: {integrity: sha512-eHlqaTpbeFyxHAo2H8XI566tY/m+lvRUTsFwBNtWP08qJe7bf16Oj5ab2coiuY9yTMvzFgjpWbuqQIFqH+yi+w==}
    engines: {node: '>=0.10.0'}
    dependencies:
      for-own: 0.1.5
      make-iterator: 0.1.1
    dev: false

  /arr-diff@1.1.0:
    resolution: {integrity: sha512-OQwDZUqYaQwyyhDJHThmzId8daf4/RFNLaeh3AevmSeZ5Y7ug4Ga/yKc6l6kTZOBW781rCj103ZuTh8GAsB3+Q==}
    engines: {node: '>=0.10.0'}
    dependencies:
      arr-flatten: 1.1.0
      array-slice: 0.2.3
    dev: false

  /arr-flatten@1.1.0:
    resolution: {integrity: sha512-L3hKV5R/p5o81R7O02IGnwpDmkp6E982XhtbuwSe3O4qOtMMMtodicASA1Cny2U+aCXcNpml+m4dPsvsJ3jatg==}
    engines: {node: '>=0.10.0'}
    dev: false

  /arr-map@2.0.2:
    resolution: {integrity: sha512-tVqVTHt+Q5Xb09qRkbu+DidW1yYzz5izWS2Xm2yFm7qJnmUfz4HPzNxbHkdRJbz2lrqI7S+z17xNYdFcBBO8Hw==}
    engines: {node: '>=0.10.0'}
    dependencies:
      make-iterator: 1.0.1
    dev: false

  /arr-union@3.1.0:
    resolution: {integrity: sha512-sKpyeERZ02v1FeCZT8lrfJq5u6goHCtpTAzPwJYe7c8SPFOboNjNg1vz2L4VTn9T4PQxEx13TbXLmYUcS6Ug7Q==}
    engines: {node: '>=0.10.0'}
    dev: false

  /array-each@0.1.1:
    resolution: {integrity: sha512-UeLKGl1CO9AS8+y+d+sCoI4PEFcphx0fGlPiOgzlYAmofYov5fpqvqZdTEk11nXV2E6a6WtepT2gEB0RL2fnmg==}
    engines: {node: '>=0.10.0'}
    dev: false

  /array-slice@0.2.3:
    resolution: {integrity: sha512-rlVfZW/1Ph2SNySXwR9QYkChp8EkOEiTMO5Vwx60usw04i4nWemkm9RXmQqgkQFaLHsqLuADvjp6IfgL9l2M8Q==}
    engines: {node: '>=0.10.0'}
    dev: false

  /array-unique@0.2.1:
    resolution: {integrity: sha512-G2n5bG5fSUCpnsXz4+8FUkYsGPkNfLn9YvS66U5qbTIXI2Ynnlo4Bi42bWv+omKUCqz+ejzfClwne0alJWJPhg==}
    engines: {node: '>=0.10.0'}
    dev: false

  /balanced-match@1.0.2:
    resolution: {integrity: sha512-3oSeUO0TMV67hN1AmbXsK4yaqU7tjiHlbxRDZOpH0KW9+CeX4bRAaX0Anxt0tx2MrpRpWwQaPwIlISEJhYU5Pw==}
    dev: false

  /brace-expansion@2.0.1:
    resolution: {integrity: sha512-XnAIvQ8eM+kC6aULx6wuQiwVsnzsi9d3WxzV3FpWTGA19F621kwdbsAcFKXgKUHZWsy+mY6iL1sHTxWEFCytDA==}
    dependencies:
      balanced-match: 1.0.2
    dev: false

  /callsites@3.1.0:
    resolution: {integrity: sha512-P8BjAsXvZS+VIDUI11hHCQEv74YT67YUi5JJFNWIqL235sBmjX4+qx9Muvls5ivyNENctx46xQLQ3aTuE7ssaQ==}
    engines: {node: '>=6'}
    dev: false

  /center-align@0.1.3:
    resolution: {integrity: sha512-Baz3aNe2gd2LP2qk5U+sDk/m4oSuwSDcBfayTCTBoWpfIGO5XFxPmjILQII4NGiZjD6DoDI6kf7gKaxkf7s3VQ==}
    engines: {node: '>=0.10.0'}
    dependencies:
      align-text: 0.1.4
      lazy-cache: 1.0.4
    dev: false

  /chalk@5.2.0:
    resolution: {integrity: sha512-ree3Gqw/nazQAPuJJEy+avdl7QfZMcUvmHIKgEZkGL+xOBzRvup5Hxo6LHuMceSxOabuJLJm5Yp/92R9eMmMvA==}
    engines: {node: ^12.17.0 || ^14.13 || >=16.0.0}
    dev: false

  /debug@4.3.4:
    resolution: {integrity: sha512-PRWFHuSU3eDtQJPvnNY7Jcket1j0t5OuOsFzPPzsekD52Zl8qUfFIPEiswXqIvHWGVHOgX+7G/vCNNhehwxfkQ==}
    engines: {node: '>=6.0'}
    peerDependencies:
      supports-color: '*'
    peerDependenciesMeta:
      supports-color:
        optional: true
    dependencies:
      ms: 2.1.2
    dev: false

  /emphasize@6.0.0:
    resolution: {integrity: sha512-lVh/I8dHqIel6kq4yIRuSsjl4sAQOKpSuBR36V5usLGNP2oehnOwX09742xx16baa7eAahF9v52xO83yzT0NdQ==}
    dependencies:
      chalk: 5.2.0
      highlight.js: 11.6.0
      lowlight: 2.7.0
    dev: false

  /error-stack-parser@2.1.4:
    resolution: {integrity: sha512-Sk5V6wVazPhq5MhpO+AUxJn5x7XSXGl1R93Vn7i+zS15KDVxQijejNCrz8340/2bgLBjR9GtEG8ZVKONDjcqGQ==}
    dependencies:
      stackframe: 1.3.4
    dev: false

  /esm@3.2.25:
    resolution: {integrity: sha512-U1suiZ2oDVWv4zPO56S0NcR5QriEahGtdN2OR6FiOG4WJvcjBVFB0qI4+eKoWFH483PKGuLuu6V8Z4T5g63UVA==}
    engines: {node: '>=6'}
    dev: false
    optional: true

  /export-dirs@0.2.4:
    resolution: {integrity: sha512-fBQ2iiw2FPxyzsOOVpWICXUNbuSBanxYYyDy1gaF4Gpfp7UkiuPA6N57Daqf7FpFDyT3g1+L+Rz4tr4aRj9SRw==}
    engines: {node: '>=0.10.0'}
    dev: false

  /export-files@2.1.1:
    resolution: {integrity: sha512-r2x1Zt0OKgdXRy0bXis3sOI8TNYmo5Fe71qXwsvpYaMvIlH5G0fWEf3AYiE2bONjePdSOojca7Jw+p9CQ6/6NQ==}
    engines: {node: '>=0.10.0'}
    dependencies:
      lazy-cache: 1.0.4
    dev: false

  /fault@2.0.1:
    resolution: {integrity: sha512-WtySTkS4OKev5JtpHXnib4Gxiurzh5NCGvWrFaZ34m6JehfTUhKZvn9njTfw48t6JumVQOmrKqpmGcdwxnhqBQ==}
    dependencies:
      format: 0.2.2
    dev: false

  /for-in@0.1.8:
    resolution: {integrity: sha512-F0to7vbBSHP8E3l6dCjxNOLuSFAACIxFy3UehTUlG7svlXi37HHsDkyVcHo0Pq8QwrE+pXvWSVX3ZT1T9wAZ9g==}
    engines: {node: '>=0.10.0'}
    dev: false

  /for-in@1.0.2:
    resolution: {integrity: sha512-7EwmXrOjyL+ChxMhmG5lnW9MPt1aIeZEwKhQzoBUdTV0N3zuwWDZYVJatDvZ2OyzPUvdIAZDsCetk3coyMfcnQ==}
    engines: {node: '>=0.10.0'}
    dev: false

  /for-own@0.1.5:
    resolution: {integrity: sha512-SKmowqGTJoPzLO1T0BBJpkfp3EMacCMOuH40hOUbrbzElVktk4DioXVM99QkLCyKoiuOmyjgcWMpVz2xjE7LZw==}
    engines: {node: '>=0.10.0'}
    dependencies:
      for-in: 1.0.2
    dev: false

  /format@0.2.2:
    resolution: {integrity: sha512-wzsgA6WOq+09wrU1tsJ09udeR/YZRaeArL9e1wPbFg3GG2yDnC2ldKpxs4xunpFF9DgqCqOIra3bc1HWrJ37Ww==}
    engines: {node: '>=0.4.x'}
    dev: false

  /has-values@0.1.4:
    resolution: {integrity: sha512-J8S0cEdWuQbqD9//tlZxiMuMNmxB8PlEwvYwuxsTmR1G5RXUePEX/SJn7aD0GMLieuZYSwNH0cQuJGwnYunXRQ==}
    engines: {node: '>=0.10.0'}
    dev: false

  /highlight.js@11.6.0:
    resolution: {integrity: sha512-ig1eqDzJaB0pqEvlPVIpSSyMaO92bH1N2rJpLMN/nX396wTpDA4Eq0uK+7I/2XG17pFaaKE0kjV/XPeGt7Evjw==}
    engines: {node: '>=12.0.0'}
    dev: false

  /is-buffer@1.1.6:
    resolution: {integrity: sha512-NcdALwpXkTm5Zvvbk7owOUSvVvBKDgKP5/ewfXEznmQFfs4ZRmanOeKBTjRVjka3QFoN6XJ+9F3USqfHqTaU5w==}
    dev: false

  /is-extendable@0.1.1:
    resolution: {integrity: sha512-5BMULNob1vgFX6EjQw5izWDxrecWK9AM72rugNr0TFldMOi0fj6Jk+zeKIt0xGj4cEfQIJth4w3OKWOJ4f+AFw==}
    engines: {node: '>=0.10.0'}
    dev: false

  /is-number@2.1.0:
    resolution: {integrity: sha512-QUzH43Gfb9+5yckcrSA0VBDwEtDUchrk4F6tfJZQuNzDJbEDB9cZNzSfXGQ1jqmdDY/kl41lUOWM9syA8z8jlg==}
    engines: {node: '>=0.10.0'}
    dependencies:
      kind-of: 3.2.2
    dev: false

  /is-observable@2.1.0:
    resolution: {integrity: sha512-DailKdLb0WU+xX8K5w7VsJhapwHLZ9jjmazqCJq4X12CTgqq73TKnbRcnSLuXYPOoLQgV5IrD7ePiX/h1vnkBw==}
    engines: {node: '>=8'}
    dev: false

  /is-plain-object@2.0.4:
    resolution: {integrity: sha512-h5PpgXkWitc38BBMYawTYMWJHFZJVnBquFE57xFpjB8pJFiF6gZ+bU+WyI/yqXiFR5mdLsgYNaPe8uao6Uv9Og==}
    engines: {node: '>=0.10.0'}
    dependencies:
      isobject: 3.0.1
    dev: false

  /isobject@1.0.2:
    resolution: {integrity: sha512-WQQgFoML/sLgmhu9zTekYHZUJaPoa/fpVMQ8oxIuOvppzs70DxxyHZdAIjwcuuNDOVtNYsahhqtBbUvKwhRcGw==}
    engines: {node: '>=0.10.0'}
    dev: false

  /isobject@3.0.1:
    resolution: {integrity: sha512-WhB9zCku7EGTj/HQQRz5aUQEUeoQZH2bWcltRErOpymJ4boYE6wL9Tbr23krRPSZ+C5zqNSrSw+Cc7sZZ4b7vg==}
    engines: {node: '>=0.10.0'}
    dev: false

  /js-levenshtein@1.1.6:
    resolution: {integrity: sha512-X2BB11YZtrRqY4EnQcLX5Rh373zbK4alC1FW7D7MBhL2gtcC17cTnr6DmfHZeS0s2rTHjUTMMHfG7gO8SSdw+g==}
    engines: {node: '>=0.10.0'}
    dev: false

  /jsonc-parser@3.2.0:
    resolution: {integrity: sha512-gfFQZrcTc8CnKXp6Y4/CBT3fTc0OVuDofpre4aEeEpSBPV5X5v4+Vmx+8snU7RLPrNHPKSgLxGo9YuQzz20o+w==}
    dev: false

  /kind-of@2.0.1:
    resolution: {integrity: sha512-0u8i1NZ/mg0b+W3MGGw5I7+6Eib2nx72S/QvXa0hYjEkjTknYmEYQJwGu3mLC0BrhtJjtQafTkyRUQ75Kx0LVg==}
    engines: {node: '>=0.10.0'}
    dependencies:
      is-buffer: 1.1.6
    dev: false

  /kind-of@3.2.2:
    resolution: {integrity: sha512-NOW9QQXMoZGg/oqnVNoNTTIFEIid1627WCffUBJEdMxYApq7mNE7CpzucIPc+ZQg25Phej7IJSmX3hO+oblOtQ==}
    engines: {node: '>=0.10.0'}
    dependencies:
      is-buffer: 1.1.6
    dev: false

  /kind-of@6.0.3:
    resolution: {integrity: sha512-dcS1ul+9tmeD95T+x28/ehLgd9mENa3LsvDTtzm3vyBEO7RPptvAD+t44WVXaUjTBRcrpFeFlC8WCruUR456hw==}
    engines: {node: '>=0.10.0'}
    dev: false

  /lazy-cache@1.0.4:
    resolution: {integrity: sha512-RE2g0b5VGZsOCFOCgP7omTRYFqydmZkBwl5oNnQ1lDYC57uyO9KqNnNVxT7COSHTxrRCWVcAVOcbjk+tvh/rgQ==}
    engines: {node: '>=0.10.0'}
    dev: false

  /linked-list@3.1.0:
    resolution: {integrity: sha512-8fTIVBkKRqJ9MPEwggRkzYsOGcicCC4qSXm6iANVJOGwXrkew85kL7zFztQHSOQBbM6zG+vqtC/cTHm4nuUCSg==}
    dev: false

  /longest@1.0.1:
    resolution: {integrity: sha512-k+yt5n3l48JU4k8ftnKG6V7u32wyH2NfKzeMto9F/QRE0amxy/LayxwlvjjkZEIzqR+19IrtFO8p5kB9QaYUFg==}
    engines: {node: '>=0.10.0'}
    dev: false

  /lowlight@2.7.0:
    resolution: {integrity: sha512-RRdrHalFfjpxL91ITTX7KhJYH3QmX5bW9Uie2D2E5GPIR3XBYDYhScBjE291ewFZkStz/k2PN9KC+8deNLiI3Q==}
    dependencies:
      '@types/hast': 2.3.4
      fault: 2.0.1
      highlight.js: 11.6.0
    dev: false

  /lunr@2.3.9:
    resolution: {integrity: sha512-zTU3DaZaF3Rt9rhN3uBMGQD3dD2/vFQqnvZCDv4dl5iOzq2IZQqTxu90r4E5J+nP70J3ilqVCrbho2eWaeW8Ow==}
    dev: false

  /make-iterator@0.1.1:
    resolution: {integrity: sha512-s8tbTxYqrfcXYHAPxUecPxgBnWod7yFShdSOWiV17WRM87bBH2mzr24A4tpUDv9SqebaV6JsPApwKXnisMmMBA==}
    engines: {node: '>=0.10.0'}
    dependencies:
      for-own: 0.1.5
    dev: false

  /make-iterator@0.2.1:
    resolution: {integrity: sha512-YJMm/IuF0mj/mGPqyw6gbJ3WZCSCTd+1Y1Z1+bqZFjYNZHRXF+CQGTUxE7A65y/iAONUA42BOiJ5cEt4AZpfVg==}
    engines: {node: '>=0.10.0'}
    dependencies:
      kind-of: 3.2.2
    dev: false

  /make-iterator@1.0.1:
    resolution: {integrity: sha512-pxiuXh0iVEq7VM7KMIhs5gxsfxCux2URptUQaXo4iZZJxBAzTPOLE2BumO5dbfVYq/hBJFBR/a1mFDmOx5AGmw==}
    engines: {node: '>=0.10.0'}
    dependencies:
      kind-of: 6.0.3
    dev: false

  /marked@4.3.0:
    resolution: {integrity: sha512-PRsaiG84bK+AMvxziE/lCFss8juXjNaWzVbN5tXAm4XjeaS9NAHhop+PjQxz2A9h8Q4M/xGmzP8vqNwy6JeK0A==}
    engines: {node: '>= 12'}
    hasBin: true
    dev: false

  /minimatch@7.4.5:
    resolution: {integrity: sha512-OzOamaOmNBJZUv2qqY1OSWa+++4YPpOkLgkc0w30Oov5ufKlWWXnFUl0l4dgmSv5Shq/zRVkEOXAe2NaqO4l5Q==}
    engines: {node: '>=10'}
    dependencies:
      brace-expansion: 2.0.1
    dev: false

  /ms@2.1.2:
    resolution: {integrity: sha512-sGkPx+VjMtmA6MX27oA4FBFELFCZZ4S4XqeGOXCv68tT+jb3vk/RyaKWP0PTKyWtmLSM0b+adUTEvbs1PEaH2w==}
    dev: false

  /object.defaults@0.3.0:
    resolution: {integrity: sha512-VOrsFahJiyB6ajWr5z0C8+mFY47WtWn2w5VFkJHjluy28fg22m2yFZDxu3EmKtf4x38GHFjvmRtPx0aQgTTmQg==}
    engines: {node: '>=0.10.0'}
    dependencies:
      array-each: 0.1.1
      array-slice: 0.2.3
      for-own: 0.1.5
      isobject: 1.0.2
    dev: false

  /object.filter@0.3.0:
    resolution: {integrity: sha512-f/OJtvg2H7ZykQpcCbKTSucLhz9+7pmgJzrI3gPaelCkjkg9Pd+moFN2DFDfx/IWS5f/sMeSqe3xXNnb0MV4DQ==}
    engines: {node: '>=0.10.0'}
    dependencies:
      for-own: 0.1.5
      make-iterator: 0.1.1
    dev: false

  /object.omit@2.0.1:
    resolution: {integrity: sha512-UiAM5mhmIuKLsOvrL+B0U2d1hXHF3bFYWIuH1LMpuV2EJEHG1Ntz06PgLEHjm6VFd87NpH8rastvPoyv6UW2fA==}
    engines: {node: '>=0.10.0'}
    dependencies:
      for-own: 0.1.5
      is-extendable: 0.1.1
    dev: false

  /object.pick@1.3.0:
    resolution: {integrity: sha512-tqa/UMy/CCoYmj+H5qc07qvSL9dqcs/WZENZ1JbtWBlATP+iVOe778gE6MSijnyCnORzDuX6hU+LA4SZ09YjFQ==}
    engines: {node: '>=0.10.0'}
    dependencies:
      isobject: 3.0.1
    dev: false

  /object.reduce@0.1.7:
    resolution: {integrity: sha512-5PMRmWAfIbCJavx9xETLSjr0IvHHDOjhW9jnHkOmnTC0Q4d9tWM5GjBAPS+J4yLk2Q+ql/XJBBbBOp2xTzDhDg==}
    engines: {node: '>=0.10.0'}
    dependencies:
      for-own: 0.1.5
    dev: false

  /observable-fns@0.6.1:
    resolution: {integrity: sha512-9gRK4+sRWzeN6AOewNBTLXir7Zl/i3GB6Yl26gK4flxz8BXVpD3kt8amREmWNb0mxYOGDotvE5a4N+PtGGKdkg==}
    dev: false

  /picomatch@2.3.1:
    resolution: {integrity: sha512-JU3teHTNjmE2VCGFzuY8EXzCDVwEqB2a8fsIvwaStHhAWJEeVd1o1QD80CU6+ZdEXXSLbSsuLwJjkCBWqRQUVA==}
    engines: {node: '>=8.6'}
    dev: false

  /repeat-string@1.6.1:
    resolution: {integrity: sha512-PV0dzCYDNfRi1jCDbJzpW7jNNDRuCOG/jI5ctQcGKt/clZD+YcPS3yIlWuTJMmESC8aevCFmWJy5wjAFgNqN6w==}
    engines: {node: '>=0.10'}
    dev: false

  /right-align@0.1.3:
    resolution: {integrity: sha512-yqINtL/G7vs2v+dFIZmFUDbnVyFUJFKd6gK22Kgo6R4jfJGFtisKyncWDDULgjfqf4ASQuIQyjJ7XZ+3aWpsAg==}
    engines: {node: '>=0.10.0'}
    dependencies:
      align-text: 0.1.4
    dev: false

  /shiki@0.14.1:
    resolution: {integrity: sha512-+Jz4nBkCBe0mEDqo1eKRcCdjRtrCjozmcbTUjbPTX7OOJfEbTZzlUWlZtGe3Gb5oV1/jnojhG//YZc3rs9zSEw==}
    dependencies:
      ansi-sequence-parser: 1.1.0
      jsonc-parser: 3.2.0
      vscode-oniguruma: 1.7.0
      vscode-textmate: 8.0.0
    dev: false

  /source-map@0.5.6:
    resolution: {integrity: sha512-MjZkVp0NHr5+TPihLcadqnlVoGIoWo4IBHptutGh9wI3ttUYvCG26HkSuDi+K6lsZ25syXJXcctwgyVCt//xqA==}
    engines: {node: '>=0.10.0'}
    dev: false

  /stack-generator@2.0.10:
    resolution: {integrity: sha512-mwnua/hkqM6pF4k8SnmZ2zfETsRUpWXREfA/goT8SLCV4iOFa4bzOX2nDipWAZFPTjLvQB82f5yaodMVhK0yJQ==}
    dependencies:
      stackframe: 1.3.4
    dev: false

  /stackframe@1.3.4:
    resolution: {integrity: sha512-oeVtt7eWQS+Na6F//S4kJ2K2VbRlS9D43mAlMyVpVWovy9o+jfgH8O9agzANzaiLjclA0oYzUXEM4PurhSUChw==}
    dev: false

  /stacktrace-gps@3.1.2:
    resolution: {integrity: sha512-GcUgbO4Jsqqg6RxfyTHFiPxdPqF+3LFmQhm7MgCuYQOYuWyqxo5pwRPz5d/u6/WYJdEnWfK4r+jGbyD8TSggXQ==}
    dependencies:
      source-map: 0.5.6
      stackframe: 1.3.4
    dev: false

  /stacktrace-js@2.0.2:
    resolution: {integrity: sha512-Je5vBeY4S1r/RnLydLl0TBTi3F2qdfWmYsGvtfZgEI+SCprPppaIhQf5nGcal4gI4cGpCV/duLcAzT1np6sQqg==}
    dependencies:
      error-stack-parser: 2.1.4
      stack-generator: 2.0.10
      stacktrace-gps: 3.1.2
    dev: false

  /striptags@2.2.1:
    resolution: {integrity: sha512-vZTvmFP0IYu/zn8MXV6PrLb6VKbd9WGSEnlm4D5RNXS/+zYYlHrSfJgoBw1w56D6RJCr515er3BittRGQqihLA==}
    dev: false

  /threads@1.7.0:
    resolution: {integrity: sha512-Mx5NBSHX3sQYR6iI9VYbgHKBLisyB+xROCBGjjWm1O9wb9vfLxdaGtmT/KCjUqMsSNW6nERzCW3T6H43LqjDZQ==}
    dependencies:
      callsites: 3.1.0
      debug: 4.3.4
      is-observable: 2.1.0
      observable-fns: 0.6.1
    optionalDependencies:
      tiny-worker: 2.3.0
    transitivePeerDependencies:
      - supports-color
    dev: false

  /tick-ts-utils@4.2.2(typedoc@0.23.28):
    resolution: {integrity: sha512-fZ2hNwXkhJs93KRhLCQu8n2QrZbm7xUuxRO7WGqnbMVacOCI/Y2OjjmxR7YsQu223eXXFwBL6umt1FRlKcMGlw==}
    dependencies:
      '@mxssfd/typedoc-theme': 1.0.6(typedoc@0.23.28)
      emphasize: 6.0.0
      stacktrace-js: 2.0.2
      utils: 0.3.1
    optionalDependencies:
      zod: 3.21.4
    transitivePeerDependencies:
      - typedoc
    dev: false

  /tiny-worker@2.3.0:
    resolution: {integrity: sha512-pJ70wq5EAqTAEl9IkGzA+fN0836rycEuz2Cn6yeZ6FRzlVS5IDOkFHpIoEsksPRQV34GDqXm65+OlnZqUSyK2g==}
    requiresBuild: true
    dependencies:
      esm: 3.2.25
    dev: false
    optional: true

  /typedoc@0.23.28(typescript@5.0.4):
    resolution: {integrity: sha512-9x1+hZWTHEQcGoP7qFmlo4unUoVJLB0H/8vfO/7wqTnZxg4kPuji9y3uRzEu0ZKez63OJAUmiGhUrtukC6Uj3w==}
    engines: {node: '>= 14.14'}
    hasBin: true
    peerDependencies:
      typescript: 4.6.x || 4.7.x || 4.8.x || 4.9.x || 5.0.x
    dependencies:
      lunr: 2.3.9
      marked: 4.3.0
      minimatch: 7.4.5
      shiki: 0.14.1
      typescript: 5.0.4
    dev: false

  /typescript@5.0.4:
    resolution: {integrity: sha512-cW9T5W9xY37cc+jfEnaUvX91foxtHkza3Nw3wkoF4sSlKn0MONdkdEndig/qPBWXNkmplh3NzayQzCiHM4/hqw==}
    engines: {node: '>=12.20'}
    hasBin: true
    dev: false

  /utils@0.3.1:
    resolution: {integrity: sha512-MQui5t13wIAkllcVSR/19WTvLxfJRKHwlLmBin3iqJ1F1kFMZtValrOwwn0Ez43bOQwCNhzJAjOoX74UkVI+Xg==}
    engines: {node: '>=0.10.0'}
    dependencies:
      any: 1.0.0
      arr-diff: 1.1.0
      arr-flatten: 1.1.0
      arr-map: 2.0.2
      arr-union: 3.1.0
      array-each: 0.1.1
      array-slice: 0.2.3
      array-unique: 0.2.1
      center-align: 0.1.3
      export-dirs: 0.2.4
      export-files: 2.1.1
      for-in: 0.1.8
      for-own: 0.1.5
      has-values: 0.1.4
      is-number: 2.1.0
      is-plain-object: 2.0.4
      kind-of: 2.0.1
      make-iterator: 0.2.1
      object.defaults: 0.3.0
      object.filter: 0.3.0
      object.omit: 2.0.1
      object.pick: 1.3.0
      object.reduce: 0.1.7
      right-align: 0.1.3
      striptags: 2.2.1
      word-wrap: 1.2.3
    dev: false

  /vscode-jsonrpc@8.1.0:
    resolution: {integrity: sha512-6TDy/abTQk+zDGYazgbIPc+4JoXdwC8NHU9Pbn4UJP1fehUyZmM4RHp5IthX7A6L5KS30PRui+j+tbbMMMafdw==}
    engines: {node: '>=14.0.0'}
    dev: false

  /vscode-languageserver-protocol@3.17.3:
    resolution: {integrity: sha512-924/h0AqsMtA5yK22GgMtCYiMdCOtWTSGgUOkgEDX+wk2b0x4sAfLiO4NxBxqbiVtz7K7/1/RgVrVI0NClZwqA==}
    dependencies:
      vscode-jsonrpc: 8.1.0
      vscode-languageserver-types: 3.17.3
    dev: false

  /vscode-languageserver-textdocument@1.0.8:
    resolution: {integrity: sha512-1bonkGqQs5/fxGT5UchTgjGVnfysL0O8v1AYMBjqTbWQTFn721zaPGDYFkOKtfDgFiSgXM3KwaG3FMGfW4Ed9Q==}
    dev: false

  /vscode-languageserver-types@3.17.3:
    resolution: {integrity: sha512-SYU4z1dL0PyIMd4Vj8YOqFvHu7Hz/enbWtpfnVbJHU4Nd1YNYx8u0ennumc6h48GQNeOLxmwySmnADouT/AuZA==}
    dev: false

  /vscode-languageserver@8.1.0:
    resolution: {integrity: sha512-eUt8f1z2N2IEUDBsKaNapkz7jl5QpskN2Y0G01T/ItMxBxw1fJwvtySGB9QMecatne8jFIWJGWI61dWjyTLQsw==}
    hasBin: true
    dependencies:
      vscode-languageserver-protocol: 3.17.3
    dev: false

  /vscode-oniguruma@1.7.0:
    resolution: {integrity: sha512-L9WMGRfrjOhgHSdOYgCt/yRMsXzLDJSL7BPrOZt73gU0iWO4mpqzqQzOz5srxqTvMBaR0XZTSrVWo4j55Rc6cA==}
    dev: false

  /vscode-textmate@8.0.0:
    resolution: {integrity: sha512-AFbieoL7a5LMqcnOF04ji+rpXadgOXnZsxQr//r83kLPr7biP7am3g9zbaZIaBGwBRWeSvoMD4mgPdX3e4NWBg==}
    dev: false

  /vscode-uri@3.0.7:
    resolution: {integrity: sha512-eOpPHogvorZRobNqJGhapa0JdwaxpjVvyBp0QIUMRMSf8ZAlqOdEquKuRmw9Qwu0qXtJIWqFtMkmvJjUZmMjVA==}
    dev: false

  /word-wrap@1.2.3:
    resolution: {integrity: sha512-Hz/mrNwitNRh/HUAtM/VT/5VH+ygD6DV7mYKZAtHOrbs8U7lvPS6xf7EJKMF0uW1KJCl0H701g3ZGus+muE5vQ==}
    engines: {node: '>=0.10.0'}
    dev: false

  /yaml@2.2.1:
    resolution: {integrity: sha512-e0WHiYql7+9wr4cWMx3TVQrNwejKaEe7/rHNmQmqRjazfOP5W8PB6Jpebb5o6fIapbz9o9+2ipcaTM2ZwDI6lw==}
    engines: {node: '>= 14'}
    dev: false

  /zod@3.21.4:
    resolution: {integrity: sha512-m46AKbrzKVzOzs/DZgVnG5H55N1sv1M8qZU3A8RIKbs3mrACDNeIOeilDymVb2HdmP8uwshOCF4uJ8uM9rCqJw==}
    requiresBuild: true
    dev: false
    optional: true
